// !$*UTF8*$!
{
	archiveVersion = 1;
	classes = {
	};
	objectVersion = 77;
	objects = {

/* Begin PBXBuildFile section */
		0A47E2EC7F384300EC749134 /* LifePeriod.swift in Sources */ = {isa = PBXBuildFile; fileRef = FDF7CE9D383A6F530458A378 /* LifePeriod.swift */; };
		0B8310FB15F459AD86838E24 /* LifeSlice.swift in Sources */ = {isa = PBXBuildFile; fileRef = 794E9B3277D24F2260893188 /* LifeSlice.swift */; };
		16F07E82B9FB2F430745B8FD /* LifeWatchApp.swift in Sources */ = {isa = PBXBuildFile; fileRef = D46C2F89924D4BC361864F68 /* LifeWatchApp.swift */; };
		31943E0411F64F3CF6FA62B5 /* Assets.xcassets in Resources */ = {isa = PBXBuildFile; fileRef = B5F9E19B05507FB9EEB7DF77 /* Assets.xcassets */; };
		3842D7B3F531B644BCB31313 /* LifeWatchCalculator.swift in Sources */ = {isa = PBXBuildFile; fileRef = D302BDDF7175EB4AFC33E457 /* LifeWatchCalculator.swift */; };
		568CF9F30DA739154AB8D3C5 /* Assets.xcassets in Resources */ = {isa = PBXBuildFile; fileRef = D3645E2CBCE0A2AEE8779E97 /* Assets.xcassets */; };
		819838533654424982046FB3 /* LifeSlice.swift in Sources */ = {isa = PBXBuildFile; fileRef = 794E9B3277D24F2260893188 /* LifeSlice.swift */; };
		A847587FD70AF4779282ED90 /* LifePeriod.swift in Sources */ = {isa = PBXBuildFile; fileRef = FDF7CE9D383A6F530458A378 /* LifePeriod.swift */; };
		DA22879AE7C77882B1A2012D /* LifeWatchCalculator.swift in Sources */ = {isa = PBXBuildFile; fileRef = D302BDDF7175EB4AFC33E457 /* LifeWatchCalculator.swift */; };
		DC3B3180CEB7B8B099A34C6B /* LifeWatchComplications.swift in Sources */ = {isa = PBXBuildFile; fileRef = 69480A8DE6C3F80758A34690 /* LifeWatchComplications.swift */; };
		F59E567F39ED7D2B9BA4D4D5 /* ContentView.swift in Sources */ = {isa = PBXBuildFile; fileRef = DA07EF306FD9D56083779A30 /* ContentView.swift */; };
		FF500B6CD8E3326586533AA7 /* Life Watch Complications.appex in Embed Foundation Extensions */ = {isa = PBXBuildFile; fileRef = 1B558D0A4ADD759026E3697B /* Life Watch Complications.appex */; settings = {ATTRIBUTES = (RemoveHeadersOnCopy, ); }; };
/* End PBXBuildFile section */

/* Begin PBXContainerItemProxy section */
		D16372D16F7F994C7D83F305 /* PBXContainerItemProxy */ = {
			isa = PBXContainerItemProxy;
			containerPortal = 829A0447CF06D4201F17E147 /* Project object */;
			proxyType = 1;
			remoteGlobalIDString = 7BCF6C719795F111BAF9D3DC;
			remoteInfo = "Life Watch Complications";
		};
/* End PBXContainerItemProxy section */

/* Begin PBXCopyFilesBuildPhase section */
		C0B8EEB38304FCCC80282F7E /* Embed Foundation Extensions */ = {
			isa = PBXCopyFilesBuildPhase;
			buildActionMask = 2147483647;
			dstPath = "";
			dstSubfolderSpec = 13;
			files = (
				FF500B6CD8E3326586533AA7 /* Life Watch Complications.appex in Embed Foundation Extensions */,
			);
			name = "Embed Foundation Extensions";
			runOnlyForDeploymentPostprocessing = 0;
		};
/* End PBXCopyFilesBuildPhase section */

/* Begin PBXFileReference section */
		1B558D0A4ADD759026E3697B /* Life Watch Complications.appex */ = {isa = PBXFileReference; explicitFileType = "wrapper.app-extension"; includeInIndex = 0; path = "Life Watch Complications.appex"; sourceTree = BUILT_PRODUCTS_DIR; };
		49C62460397349AE3502FD93 /* Life Watch.app */ = {isa = PBXFileReference; explicitFileType = wrapper.application; includeInIndex = 0; path = "Life Watch.app"; sourceTree = BUILT_PRODUCTS_DIR; };
		69480A8DE6C3F80758A34690 /* LifeWatchComplications.swift */ = {isa = PBXFileReference; lastKnownFileType = sourcecode.swift; path = LifeWatchComplications.swift; sourceTree = "<group>"; };
		794E9B3277D24F2260893188 /* LifeSlice.swift */ = {isa = PBXFileReference; lastKnownFileType = sourcecode.swift; path = LifeSlice.swift; sourceTree = "<group>"; };
		B5F9E19B05507FB9EEB7DF77 /* Assets.xcassets */ = {isa = PBXFileReference; lastKnownFileType = folder.assetcatalog; path = Assets.xcassets; sourceTree = "<group>"; };
		D302BDDF7175EB4AFC33E457 /* LifeWatchCalculator.swift */ = {isa = PBXFileReference; lastKnownFileType = sourcecode.swift; path = LifeWatchCalculator.swift; sourceTree = "<group>"; };
		D3645E2CBCE0A2AEE8779E97 /* Assets.xcassets */ = {isa = PBXFileReference; lastKnownFileType = folder.assetcatalog; path = Assets.xcassets; sourceTree = "<group>"; };
		D46C2F89924D4BC361864F68 /* LifeWatchApp.swift */ = {isa = PBXFileReference; lastKnownFileType = sourcecode.swift; path = LifeWatchApp.swift; sourceTree = "<group>"; };
		DA07EF306FD9D56083779A30 /* ContentView.swift */ = {isa = PBXFileReference; lastKnownFileType = sourcecode.swift; path = ContentView.swift; sourceTree = "<group>"; };
		FDF7CE9D383A6F530458A378 /* LifePeriod.swift */ = {isa = PBXFileReference; lastKnownFileType = sourcecode.swift; path = LifePeriod.swift; sourceTree = "<group>"; };
/* End PBXFileReference section */

/* Begin PBXGroup section */
		146C835227A1A1BFCF2C5F37 /* Widgets */ = {
			isa = PBXGroup;
			children = (
				B5F9E19B05507FB9EEB7DF77 /* Assets.xcassets */,
			);
			path = Widgets;
			sourceTree = "<group>";
		};
		16C568F00C46BE650A08168C /* App */ = {
			isa = PBXGroup;
			children = (
				DA07EF306FD9D56083779A30 /* ContentView.swift */,
				D46C2F89924D4BC361864F68 /* LifeWatchApp.swift */,
			);
			path = App;
			sourceTree = "<group>";
		};
		194319C4AC92A97B221A80A1 /* Sources */ = {
			isa = PBXGroup;
			children = (
				16C568F00C46BE650A08168C /* App */,
				93B861E8261174E83175442E /* Shared */,
				8E25605094055B33234DD0D9 /* Widgets */,
			);
			path = Sources;
			sourceTree = "<group>";
		};
		6DE1385F445BF478D5DC1AE9 /* Products */ = {
			isa = PBXGroup;
			children = (
				1B558D0A4ADD759026E3697B /* Life Watch Complications.appex */,
				49C62460397349AE3502FD93 /* Life Watch.app */,
			);
			name = Products;
			sourceTree = "<group>";
		};
		8A271C10D8B2AC722D542D4E = {
			isa = PBXGroup;
			children = (
				B5FAC53727715E404C4C6A6E /* Resources */,
				194319C4AC92A97B221A80A1 /* Sources */,
				6DE1385F445BF478D5DC1AE9 /* Products */,
			);
			sourceTree = "<group>";
		};
		8E25605094055B33234DD0D9 /* Widgets */ = {
			isa = PBXGroup;
			children = (
				69480A8DE6C3F80758A34690 /* LifeWatchComplications.swift */,
			);
			path = Widgets;
			sourceTree = "<group>";
		};
		93B861E8261174E83175442E /* Shared */ = {
			isa = PBXGroup;
			children = (
				FDF7CE9D383A6F530458A378 /* LifePeriod.swift */,
				794E9B3277D24F2260893188 /* LifeSlice.swift */,
				D302BDDF7175EB4AFC33E457 /* LifeWatchCalculator.swift */,
			);
			path = Shared;
			sourceTree = "<group>";
		};
		B5FAC53727715E404C4C6A6E /* Resources */ = {
			isa = PBXGroup;
			children = (
				E1211E348609BBDC57875EF8 /* App */,
				146C835227A1A1BFCF2C5F37 /* Widgets */,
			);
			path = Resources;
			sourceTree = "<group>";
		};
		E1211E348609BBDC57875EF8 /* App */ = {
			isa = PBXGroup;
			children = (
				D3645E2CBCE0A2AEE8779E97 /* Assets.xcassets */,
			);
			path = App;
			sourceTree = "<group>";
		};
/* End PBXGroup section */

/* Begin PBXNativeTarget section */
		30436365CE3EBA8A8F27A247 /* Life Watch */ = {
			isa = PBXNativeTarget;
			buildConfigurationList = 8BD97D0F86A11C3A268DD00A /* Build configuration list for PBXNativeTarget "Life Watch" */;
			buildPhases = (
				6A3F41A7C47315A773F09318 /* Sources */,
				0FFE6335E79D95743CFAB5B6 /* Resources */,
				C0B8EEB38304FCCC80282F7E /* Embed Foundation Extensions */,
			);
			buildRules = (
			);
			dependencies = (
				03D0DCDBF0F88F23553D262A /* PBXTargetDependency */,
			);
			name = "Life Watch";
			packageProductDependencies = (
			);
			productName = "Life Watch";
			productReference = 49C62460397349AE3502FD93 /* Life Watch.app */;
			productType = "com.apple.product-type.application";
		};
		7BCF6C719795F111BAF9D3DC /* Life Watch Complications */ = {
			isa = PBXNativeTarget;
			buildConfigurationList = 3D4421F64B8A4FA62E416C25 /* Build configuration list for PBXNativeTarget "Life Watch Complications" */;
			buildPhases = (
				788B4DF6A8ABEDF2CC1D84B7 /* Sources */,
				9A9CC48659C6E610F59FF03A /* Resources */,
			);
			buildRules = (
			);
			dependencies = (
			);
			name = "Life Watch Complications";
			packageProductDependencies = (
			);
			productName = "Life Watch Complications";
			productReference = 1B558D0A4ADD759026E3697B /* Life Watch Complications.appex */;
			productType = "com.apple.product-type.app-extension";
		};
/* End PBXNativeTarget section */

/* Begin PBXProject section */
		829A0447CF06D4201F17E147 /* Project object */ = {
			isa = PBXProject;
			attributes = {
				BuildIndependentTargetsInParallel = YES;
				LastUpgradeCheck = 1430;
				TargetAttributes = {
					30436365CE3EBA8A8F27A247 = {
						ProvisioningStyle = Automatic;
					};
					7BCF6C719795F111BAF9D3DC = {
						ProvisioningStyle = Automatic;
					};
				};
			};
			buildConfigurationList = DD6768C97919CBEF54A13905 /* Build configuration list for PBXProject "Life Watch" */;
			developmentRegion = en;
			hasScannedForEncodings = 0;
			knownRegions = (
				Base,
				en,
			);
			mainGroup = 8A271C10D8B2AC722D542D4E;
			minimizedProjectReferenceProxies = 1;
			preferredProjectObjectVersion = 77;
			productRefGroup = 6DE1385F445BF478D5DC1AE9 /* Products */;
			projectDirPath = "";
			projectRoot = "";
			targets = (
				30436365CE3EBA8A8F27A247 /* Life Watch */,
				7BCF6C719795F111BAF9D3DC /* Life Watch Complications */,
			);
		};
/* End PBXProject section */

/* Begin PBXResourcesBuildPhase section */
		0FFE6335E79D95743CFAB5B6 /* Resources */ = {
			isa = PBXResourcesBuildPhase;
			buildActionMask = 2147483647;
			files = (
				568CF9F30DA739154AB8D3C5 /* Assets.xcassets in Resources */,
			);
			runOnlyForDeploymentPostprocessing = 0;
		};
		9A9CC48659C6E610F59FF03A /* Resources */ = {
			isa = PBXResourcesBuildPhase;
			buildActionMask = 2147483647;
			files = (
				31943E0411F64F3CF6FA62B5 /* Assets.xcassets in Resources */,
			);
			runOnlyForDeploymentPostprocessing = 0;
		};
/* End PBXResourcesBuildPhase section */

/* Begin PBXSourcesBuildPhase section */
		6A3F41A7C47315A773F09318 /* Sources */ = {
			isa = PBXSourcesBuildPhase;
			buildActionMask = 2147483647;
			files = (
				F59E567F39ED7D2B9BA4D4D5 /* ContentView.swift in Sources */,
				A847587FD70AF4779282ED90 /* LifePeriod.swift in Sources */,
				819838533654424982046FB3 /* LifeSlice.swift in Sources */,
				16F07E82B9FB2F430745B8FD /* LifeWatchApp.swift in Sources */,
				DA22879AE7C77882B1A2012D /* LifeWatchCalculator.swift in Sources */,
			);
			runOnlyForDeploymentPostprocessing = 0;
		};
		788B4DF6A8ABEDF2CC1D84B7 /* Sources */ = {
			isa = PBXSourcesBuildPhase;
			buildActionMask = 2147483647;
			files = (
				0A47E2EC7F384300EC749134 /* LifePeriod.swift in Sources */,
				0B8310FB15F459AD86838E24 /* LifeSlice.swift in Sources */,
				3842D7B3F531B644BCB31313 /* LifeWatchCalculator.swift in Sources */,
				DC3B3180CEB7B8B099A34C6B /* LifeWatchComplications.swift in Sources */,
			);
			runOnlyForDeploymentPostprocessing = 0;
		};
/* End PBXSourcesBuildPhase section */

/* Begin PBXTargetDependency section */
		03D0DCDBF0F88F23553D262A /* PBXTargetDependency */ = {
			isa = PBXTargetDependency;
			target = 7BCF6C719795F111BAF9D3DC /* Life Watch Complications */;
			targetProxy = D16372D16F7F994C7D83F305 /* PBXContainerItemProxy */;
		};
/* End PBXTargetDependency section */

/* Begin XCBuildConfiguration section */
		738BB22333013263E03AA7D4 /* Debug */ = {
			isa = XCBuildConfiguration;
			buildSettings = {
				ASSETCATALOG_COMPILER_APPICON_NAME = AppIcon;
				ASSETCATALOG_COMPILER_GLOBAL_ACCENT_COLOR_NAME = AccentColor;
				ASSETCATALOG_COMPILER_WIDGET_BACKGROUND_COLOR_NAME = WidgetBackground;
				CODE_SIGN_STYLE = Automatic;
				ENABLE_DEBUG_DYLIB = NO;
				INFOPLIST_FILE = Resources/Widgets/Info.plist;
				LD_RUNPATH_SEARCH_PATHS = "$(inherited) @executable_path/Frameworks @executable_path/../../Frameworks @executable_path/../../../../Frameworks";
				PRODUCT_BUNDLE_IDENTIFIER = com.grungeee.LifeWatch.watchkitapp.Complications;
				SDKROOT = watchos;
				SKIP_INSTALL = YES;
				TARGETED_DEVICE_FAMILY = 4;
				WATCHOS_DEPLOYMENT_TARGET = 10.0;
			};
			name = Debug;
		};
		82B3E2CDB251CF7F77FA90D7 /* Release */ = {
			isa = XCBuildConfiguration;
			buildSettings = {
				ASSETCATALOG_COMPILER_APPICON_NAME = AppIcon;
				ASSETCATALOG_COMPILER_GLOBAL_ACCENT_COLOR_NAME = AccentColor;
				CODE_SIGN_STYLE = Automatic;
				ENABLE_DEBUG_DYLIB = NO;
				INFOPLIST_FILE = Resources/App/Info.plist;
				INFOPLIST_KEY_UISupportedInterfaceOrientations = "UIInterfaceOrientationPortrait UIInterfaceOrientationPortraitUpsideDown";
				LD_RUNPATH_SEARCH_PATHS = "$(inherited) @executable_path/Frameworks";
				PRODUCT_BUNDLE_IDENTIFIER = com.grungeee.LifeWatch.watchkitapp;
				SDKROOT = watchos;
				SKIP_INSTALL = YES;
				TARGETED_DEVICE_FAMILY = 4;
				WATCHOS_DEPLOYMENT_TARGET = 10.0;
			};
			name = Release;
		};
		ACB453755E78C176AF1E5929 /* Debug */ = {
			isa = XCBuildConfiguration;
			buildSettings = {
				ALWAYS_SEARCH_USER_PATHS = NO;
				CLANG_ANALYZER_NONNULL = YES;
				CLANG_ANALYZER_NUMBER_OBJECT_CONVERSION = YES_AGGRESSIVE;
				CLANG_CXX_LANGUAGE_STANDARD = "gnu++14";
				CLANG_CXX_LIBRARY = "libc++";
				CLANG_ENABLE_MODULES = YES;
				CLANG_ENABLE_OBJC_ARC = YES;
				CLANG_ENABLE_OBJC_WEAK = YES;
				CLANG_WARN_BLOCK_CAPTURE_AUTORELEASING = YES;
				CLANG_WARN_BOOL_CONVERSION = YES;
				CLANG_WARN_COMMA = YES;
				CLANG_WARN_CONSTANT_CONVERSION = YES;
				CLANG_WARN_DEPRECATED_OBJC_IMPLEMENTATIONS = YES;
				CLANG_WARN_DIRECT_OBJC_ISA_USAGE = YES_ERROR;
				CLANG_WARN_DOCUMENTATION_COMMENTS = YES;
				CLANG_WARN_EMPTY_BODY = YES;
				CLANG_WARN_ENUM_CONVERSION = YES;
				CLANG_WARN_INFINITE_RECURSION = YES;
				CLANG_WARN_INT_CONVERSION = YES;
				CLANG_WARN_NON_LITERAL_NULL_CONVERSION = YES;
				CLANG_WARN_OBJC_IMPLICIT_RETAIN_SELF = YES;
				CLANG_WARN_OBJC_LITERAL_CONVERSION = YES;
				CLANG_WARN_OBJC_ROOT_CLASS = YES_ERROR;
				CLANG_WARN_QUOTED_INCLUDE_IN_FRAMEWORK_HEADER = YES;
				CLANG_WARN_RANGE_LOOP_ANALYSIS = YES;
				CLANG_WARN_STRICT_PROTOTYPES = YES;
				CLANG_WARN_SUSPICIOUS_MOVE = YES;
				CLANG_WARN_UNGUARDED_AVAILABILITY = YES_AGGRESSIVE;
				CLANG_WARN_UNREACHABLE_CODE = YES;
				CLANG_WARN__DUPLICATE_METHOD_MATCH = YES;
				COPY_PHASE_STRIP = NO;
				CURRENT_PROJECT_VERSION = 1;
				DEBUG_INFORMATION_FORMAT = dwarf;
				ENABLE_STRICT_OBJC_MSGSEND = YES;
				ENABLE_TESTABILITY = YES;
				GCC_C_LANGUAGE_STANDARD = gnu11;
				GCC_DYNAMIC_NO_PIC = NO;
				GCC_NO_COMMON_BLOCKS = YES;
				GCC_OPTIMIZATION_LEVEL = 0;
				GCC_PREPROCESSOR_DEFINITIONS = (
					"$(inherited)",
					"DEBUG=1",
				);
				GCC_WARN_64_TO_32_BIT_CONVERSION = YES;
				GCC_WARN_ABOUT_RETURN_TYPE = YES_ERROR;
				GCC_WARN_UNDECLARED_SELECTOR = YES;
				GCC_WARN_UNINITIALIZED_AUTOS = YES_AGGRESSIVE;
				GCC_WARN_UNUSED_FUNCTION = YES;
				GCC_WARN_UNUSED_VARIABLE = YES;
				MARKETING_VERSION = 1.0;
				MTL_ENABLE_DEBUG_INFO = INCLUDE_SOURCE;
				MTL_FAST_MATH = YES;
				ONLY_ACTIVE_ARCH = YES;
				PRODUCT_NAME = "$(TARGET_NAME)";
				SDKROOT = watchos;
				SWIFT_ACTIVE_COMPILATION_CONDITIONS = DEBUG;
				SWIFT_OPTIMIZATION_LEVEL = "-Onone";
				SWIFT_VERSION = 5.0;
				WATCHOS_DEPLOYMENT_TARGET = 10.0;
			};
			name = Debug;
		};
		CDAA5A147942C55E21A2ACBF /* Release */ = {
			isa = XCBuildConfiguration;
			buildSettings = {
				ALWAYS_SEARCH_USER_PATHS = NO;
				CLANG_ANALYZER_NONNULL = YES;
				CLANG_ANALYZER_NUMBER_OBJECT_CONVERSION = YES_AGGRESSIVE;
				CLANG_CXX_LANGUAGE_STANDARD = "gnu++14";
				CLANG_CXX_LIBRARY = "libc++";
				CLANG_ENABLE_MODULES = YES;
				CLANG_ENABLE_OBJC_ARC = YES;
				CLANG_ENABLE_OBJC_WEAK = YES;
				CLANG_WARN_BLOCK_CAPTURE_AUTORELEASING = YES;
				CLANG_WARN_BOOL_CONVERSION = YES;
				CLANG_WARN_COMMA = YES;
				CLANG_WARN_CONSTANT_CONVERSION = YES;
				CLANG_WARN_DEPRECATED_OBJC_IMPLEMENTATIONS = YES;
				CLANG_WARN_DIRECT_OBJC_ISA_USAGE = YES_ERROR;
				CLANG_WARN_DOCUMENTATION_COMMENTS = YES;
				CLANG_WARN_EMPTY_BODY = YES;
				CLANG_WARN_ENUM_CONVERSION = YES;
				CLANG_WARN_INFINITE_RECURSION = YES;
				CLANG_WARN_INT_CONVERSION = YES;
				CLANG_WARN_NON_LITERAL_NULL_CONVERSION = YES;
				CLANG_WARN_OBJC_IMPLICIT_RETAIN_SELF = YES;
				CLANG_WARN_OBJC_LITERAL_CONVERSION = YES;
				CLANG_WARN_OBJC_ROOT_CLASS = YES_ERROR;
				CLANG_WARN_QUOTED_INCLUDE_IN_FRAMEWORK_HEADER = YES;
				CLANG_WARN_RANGE_LOOP_ANALYSIS = YES;
				CLANG_WARN_STRICT_PROTOTYPES = YES;
				CLANG_WARN_SUSPICIOUS_MOVE = YES;
				CLANG_WARN_UNGUARDED_AVAILABILITY = YES_AGGRESSIVE;
				CLANG_WARN_UNREACHABLE_CODE = YES;
				CLANG_WARN__DUPLICATE_METHOD_MATCH = YES;
				COPY_PHASE_STRIP = NO;
				CURRENT_PROJECT_VERSION = 1;
				DEBUG_INFORMATION_FORMAT = "dwarf-with-dsym";
				ENABLE_NS_ASSERTIONS = NO;
				ENABLE_STRICT_OBJC_MSGSEND = YES;
				GCC_C_LANGUAGE_STANDARD = gnu11;
				GCC_NO_COMMON_BLOCKS = YES;
				GCC_WARN_64_TO_32_BIT_CONVERSION = YES;
				GCC_WARN_ABOUT_RETURN_TYPE = YES_ERROR;
				GCC_WARN_UNDECLARED_SELECTOR = YES;
				GCC_WARN_UNINITIALIZED_AUTOS = YES_AGGRESSIVE;
				GCC_WARN_UNUSED_FUNCTION = YES;
				GCC_WARN_UNUSED_VARIABLE = YES;
				MARKETING_VERSION = 1.0;
				MTL_ENABLE_DEBUG_INFO = NO;
				MTL_FAST_MATH = YES;
				PRODUCT_NAME = "$(TARGET_NAME)";
				SDKROOT = watchos;
				SWIFT_COMPILATION_MODE = wholemodule;
				SWIFT_OPTIMIZATION_LEVEL = "-O";
				SWIFT_VERSION = 5.0;
				WATCHOS_DEPLOYMENT_TARGET = 10.0;
			};
			name = Release;
		};
		E7EB42B060A9D2843E6A6062 /* Debug */ = {
			isa = XCBuildConfiguration;
			buildSettings = {
				ASSETCATALOG_COMPILER_APPICON_NAME = AppIcon;
				ASSETCATALOG_COMPILER_GLOBAL_ACCENT_COLOR_NAME = AccentColor;
				CODE_SIGN_STYLE = Automatic;
				ENABLE_DEBUG_DYLIB = NO;
				INFOPLIST_FILE = Resources/App/Info.plist;
				INFOPLIST_KEY_UISupportedInterfaceOrientations = "UIInterfaceOrientationPortrait UIInterfaceOrientationPortraitUpsideDown";
				LD_RUNPATH_SEARCH_PATHS = "$(inherited) @executable_path/Frameworks";
				PRODUCT_BUNDLE_IDENTIFIER = com.grungeee.LifeWatch.watchkitapp;
				SDKROOT = watchos;
				SKIP_INSTALL = YES;
				TARGETED_DEVICE_FAMILY = 4;
				WATCHOS_DEPLOYMENT_TARGET = 10.0;
			};
			name = Debug;
		};
		FC4A9A91561D9F66C58AF027 /* Release */ = {
			isa = XCBuildConfiguration;
			buildSettings = {
				ASSETCATALOG_COMPILER_APPICON_NAME = AppIcon;
				ASSETCATALOG_COMPILER_GLOBAL_ACCENT_COLOR_NAME = AccentColor;
				ASSETCATALOG_COMPILER_WIDGET_BACKGROUND_COLOR_NAME = WidgetBackground;
				CODE_SIGN_STYLE = Automatic;
				ENABLE_DEBUG_DYLIB = NO;
				INFOPLIST_FILE = Resources/Widgets/Info.plist;
				LD_RUNPATH_SEARCH_PATHS = "$(inherited) @executable_path/Frameworks @executable_path/../../Frameworks @executable_path/../../../../Frameworks";
				PRODUCT_BUNDLE_IDENTIFIER = com.grungeee.LifeWatch.watchkitapp.Complications;
				SDKROOT = watchos;
				SKIP_INSTALL = YES;
				TARGETED_DEVICE_FAMILY = 4;
				WATCHOS_DEPLOYMENT_TARGET = 10.0;
			};
			name = Release;
		};
/* End XCBuildConfiguration section */

/* Begin XCConfigurationList section */
		3D4421F64B8A4FA62E416C25 /* Build configuration list for PBXNativeTarget "Life Watch Complications" */ = {
			isa = XCConfigurationList;
			buildConfigurations = (
				738BB22333013263E03AA7D4 /* Debug */,
				FC4A9A91561D9F66C58AF027 /* Release */,
			);
			defaultConfigurationIsVisible = 0;
			defaultConfigurationName = Debug;
		};
		8BD97D0F86A11C3A268DD00A /* Build configuration list for PBXNativeTarget "Life Watch" */ = {
			isa = XCConfigurationList;
			buildConfigurations = (
				E7EB42B060A9D2843E6A6062 /* Debug */,
				82B3E2CDB251CF7F77FA90D7 /* Release */,
			);
			defaultConfigurationIsVisible = 0;
			defaultConfigurationName = Debug;
		};
		DD6768C97919CBEF54A13905 /* Build configuration list for PBXProject "Life Watch" */ = {
			isa = XCConfigurationList;
			buildConfigurations = (
				ACB453755E78C176AF1E5929 /* Debug */,
				CDAA5A147942C55E21A2ACBF /* Release */,
			);
			defaultConfigurationIsVisible = 0;
			defaultConfigurationName = Debug;
		};
/* End XCConfigurationList section */
	};
	rootObject = 829A0447CF06D4201F17E147 /* Project object */;
}
